
Microsoft Visual Studio Solution File, Format Version 12.00
# Visual Studio Version 17
VisualStudioVersion = 17.0.31903.59
MinimumVisualStudioVersion = 10.0.40219.1
Project("{2150E333-8FDC-42A3-9474-1A3956D46DE8}") = "src", "src", "{C456DD80-6819-4DA3-80BB-85F3188D2EA8}"
EndProject
Project("{FAE04EC0-301F-11D3-BF4B-00C04F79EFBC}") = "FakelStat", "src\FakelStat\FakelStat.csproj", "{BB69B45E-3552-4F97-983A-BE905642E3CA}"
EndProject
Project("{2150E333-8FDC-42A3-9474-1A3956D46DE8}") = "test", "test", "{E1AB9823-03C5-4EA8-A04E-E66D05F5CE1B}"
EndProject
Project("{FAE04EC0-301F-11D3-BF4B-00C04F79EFBC}") = "FakelStat.Tests", "test\FakelStat.Tests\FakelStat.Tests.csproj", "{1277EB48-9DBB-4AEC-BD41-A36A276CA0A8}"
EndProject
Project("{FAE04EC0-301F-11D3-BF4B-00C04F79EFBC}") = "FakelStat.FakeData", "src\FakelStat.FakeData\FakelStat.FakeData.csproj", "{60FC748D-F175-46D5-A833-F5FC718A7A9C}"
EndProject
Project("{FAE04EC0-301F-11D3-BF4B-00C04F79EFBC}") = "FakelStat.ScottPlotExample", "src\FakelStat.ScottPlotExample\FakelStat.ScottPlotExample.csproj", "{E83A1E32-1BF1-4953-AFBC-19BA99994BBD}"
EndProject
Global
	GlobalSection(SolutionConfigurationPlatforms) = preSolution
		Debug|Any CPU = Debug|Any CPU
		Release|Any CPU = Release|Any CPU
	EndGlobalSection
	GlobalSection(SolutionProperties) = preSolution
		HideSolutionNode = FALSE
	EndGlobalSection
	GlobalSection(ProjectConfigurationPlatforms) = postSolution
		{BB69B45E-3552-4F97-983A-BE905642E3CA}.Debug|Any CPU.ActiveCfg = Debug|Any CPU
		{BB69B45E-3552-4F97-983A-BE905642E3CA}.Debug|Any CPU.Build.0 = Debug|Any CPU
		{BB69B45E-3552-4F97-983A-BE905642E3CA}.Release|Any CPU.ActiveCfg = Release|Any CPU
		{BB69B45E-3552-4F97-983A-BE905642E3CA}.Release|Any CPU.Build.0 = Release|Any CPU
		{1277EB48-9DBB-4AEC-BD41-A36A276CA0A8}.Debug|Any CPU.ActiveCfg = Debug|Any CPU
		{1277EB48-9DBB-4AEC-BD41-A36A276CA0A8}.Debug|Any CPU.Build.0 = Debug|Any CPU
		{1277EB48-9DBB-4AEC-BD41-A36A276CA0A8}.Release|Any CPU.ActiveCfg = Release|Any CPU
		{1277EB48-9DBB-4AEC-BD41-A36A276CA0A8}.Release|Any CPU.Build.0 = Release|Any CPU
		{60FC748D-F175-46D5-A833-F5FC718A7A9C}.Debug|Any CPU.ActiveCfg = Debug|Any CPU
		{60FC748D-F175-46D5-A833-F5FC718A7A9C}.Debug|Any CPU.Build.0 = Debug|Any CPU
		{60FC748D-F175-46D5-A833-F5FC718A7A9C}.Release|Any CPU.ActiveCfg = Release|Any CPU
		{60FC748D-F175-46D5-A833-F5FC718A7A9C}.Release|Any CPU.Build.0 = Release|Any CPU
		{E83A1E32-1BF1-4953-AFBC-19BA99994BBD}.Debug|Any CPU.ActiveCfg = Debug|Any CPU
		{E83A1E32-1BF1-4953-AFBC-19BA99994BBD}.Debug|Any CPU.Build.0 = Debug|Any CPU
		{E83A1E32-1BF1-4953-AFBC-19BA99994BBD}.Release|Any CPU.ActiveCfg = Release|Any CPU
		{E83A1E32-1BF1-4953-AFBC-19BA99994BBD}.Release|Any CPU.Build.0 = Release|Any CPU
	EndGlobalSection
	GlobalSection(NestedProjects) = preSolution
		{BB69B45E-3552-4F97-983A-BE905642E3CA} = {C456DD80-6819-4DA3-80BB-85F3188D2EA8}
		{1277EB48-9DBB-4AEC-BD41-A36A276CA0A8} = {E1AB9823-03C5-4EA8-A04E-E66D05F5CE1B}
		{60FC748D-F175-46D5-A833-F5FC718A7A9C} = {C456DD80-6819-4DA3-80BB-85F3188D2EA8}
		{E83A1E32-1BF1-4953-AFBC-19BA99994BBD} = {C456DD80-6819-4DA3-80BB-85F3188D2EA8}
	EndGlobalSection
EndGlobal
